
Microsoft Visual Studio Solution File, Format Version 12.00
# Visual Studio Version 17
VisualStudioVersion = 17.6.33712.159
MinimumVisualStudioVersion = 10.0.40219.1
Project("{FAE04EC0-301F-11D3-BF4B-00C04F79EFBC}") = "Gato Exploso", "Gato Exploso\Gato Exploso.csproj", "{A23390E4-1B29-48C4-A637-BB1DDF863B3A}"
EndProject
Global
	GlobalSection(SolutionConfigurationPlatforms) = preSolution
		Debug|Any CPU = Debug|Any CPU
		Release|Any CPU = Release|Any CPU
	EndGlobalSection
	GlobalSection(ProjectConfigurationPlatforms) = postSolution
		{A23390E4-1B29-48C4-A637-BB1DDF863B3A}.Debug|Any CPU.ActiveCfg = Debug|Any CPU
		{A23390E4-1B29-48C4-A637-BB1DDF863B3A}.Debug|Any CPU.Build.0 = Debug|Any CPU
		{A23390E4-1B29-48C4-A637-BB1DDF863B3A}.Release|Any CPU.ActiveCfg = Release|Any CPU
		{A23390E4-1B29-48C4-A637-BB1DDF863B3A}.Release|Any CPU.Build.0 = Release|Any CPU
	EndGlobalSection
	GlobalSection(SolutionProperties) = preSolution
		HideSolutionNode = FALSE
	EndGlobalSection
	GlobalSection(ExtensibilityGlobals) = postSolution
		SolutionGuid = {2FCAB479-6D79-4961-8AE4-DF7D5EAEC270}
	EndGlobalSection
EndGlobal
